
Microsoft Visual Studio Solution File, Format Version 11.00
# Visual Studio 2010
Project("{FAE04EC0-301F-11D3-BF4B-00C04F79EFBC}") = "CustomersDataGridView", "CustomersDataGridView\CustomersDataGridView.csproj", "{3EADD7EB-12AC-41D9-85EF-EF9FCEB4F397}"
EndProject
Global
	GlobalSection(SolutionConfigurationPlatforms) = preSolution
		Debug|x86 = Debug|x86
		Release|x86 = Release|x86
	EndGlobalSection
	GlobalSection(ProjectConfigurationPlatforms) = postSolution
		{3EADD7EB-12AC-41D9-85EF-EF9FCEB4F397}.Debug|x86.ActiveCfg = Debug|x86
		{3EADD7EB-12AC-41D9-85EF-EF9FCEB4F397}.Debug|x86.Build.0 = Debug|x86
		{3EADD7EB-12AC-41D9-85EF-EF9FCEB4F397}.Release|x86.ActiveCfg = Release|x86
		{3EADD7EB-12AC-41D9-85EF-EF9FCEB4F397}.Release|x86.Build.0 = Release|x86
	EndGlobalSection
	GlobalSection(SolutionProperties) = preSolution
		HideSolutionNode = FALSE
	EndGlobalSection
EndGlobal
